// !$*UTF8*$!
{
	archiveVersion = 1;
	classes = {
	};
	objectVersion = 56;
	objects = {

/* Begin PBXBuildFile section */
		77303D042C4FA2E7008F665A /* MyBooking.swift in Sources */ = {isa = PBXBuildFile; fileRef = 77303D032C4FA2E7008F665A /* MyBooking.swift */; };
		774853F72C47B67700655C6B /* MapView.swift in Sources */ = {isa = PBXBuildFile; fileRef = 774853F62C47B67700655C6B /* MapView.swift */; };
		7748541D2C490B4000655C6B /* PropertyLocations.swift in Sources */ = {isa = PBXBuildFile; fileRef = 7748541C2C490B4000655C6B /* PropertyLocations.swift */; };
		7748541F2C490BBC00655C6B /* MapViewmodel.swift in Sources */ = {isa = PBXBuildFile; fileRef = 7748541E2C490BBC00655C6B /* MapViewmodel.swift */; };
		774854232C493E2100655C6B /* SwipeView.swift in Sources */ = {isa = PBXBuildFile; fileRef = 774854222C493E2100655C6B /* SwipeView.swift */; };
		774854262C49408200655C6B /* HeaderFilter.swift in Sources */ = {isa = PBXBuildFile; fileRef = 774854252C49408200655C6B /* HeaderFilter.swift */; };
		774854282C49485400655C6B /* ImageLoader.swift in Sources */ = {isa = PBXBuildFile; fileRef = 774854272C49485400655C6B /* ImageLoader.swift */; };
		7748542B2C494BC100655C6B /* PropertyModel.swift in Sources */ = {isa = PBXBuildFile; fileRef = 7748542A2C494BC100655C6B /* PropertyModel.swift */; };
		7748542D2C49502600655C6B /* MockData.swift in Sources */ = {isa = PBXBuildFile; fileRef = 7748542C2C49502600655C6B /* MockData.swift */; };
		77571A7E2C4E6988006DC2DA /* SDWebImageSwiftUI in Frameworks */ = {isa = PBXBuildFile; productRef = 77571A7D2C4E6988006DC2DA /* SDWebImageSwiftUI */; };
		77693E872C450BCC0087D792 /* HomeQuestApp.swift in Sources */ = {isa = PBXBuildFile; fileRef = 77693E862C450BCC0087D792 /* HomeQuestApp.swift */; };
		77693E892C450BCC0087D792 /* ContentView.swift in Sources */ = {isa = PBXBuildFile; fileRef = 77693E882C450BCC0087D792 /* ContentView.swift */; };
		77693E8B2C450BCE0087D792 /* Assets.xcassets in Resources */ = {isa = PBXBuildFile; fileRef = 77693E8A2C450BCE0087D792 /* Assets.xcassets */; };
		77693E8E2C450BCE0087D792 /* Preview Assets.xcassets in Resources */ = {isa = PBXBuildFile; fileRef = 77693E8D2C450BCE0087D792 /* Preview Assets.xcassets */; };
		77693E9C2C450DFB0087D792 /* Splash.swift in Sources */ = {isa = PBXBuildFile; fileRef = 77693E9B2C450DFB0087D792 /* Splash.swift */; };
		77693E9E2C45267D0087D792 /* Screen1.swift in Sources */ = {isa = PBXBuildFile; fileRef = 77693E9D2C45267D0087D792 /* Screen1.swift */; };
		77693EA02C452A080087D792 /* Screen2.swift in Sources */ = {isa = PBXBuildFile; fileRef = 77693E9F2C452A080087D792 /* Screen2.swift */; };
		77693EA22C452AB00087D792 /* Screen3.swift in Sources */ = {isa = PBXBuildFile; fileRef = 77693EA12C452AB00087D792 /* Screen3.swift */; };
		77693EA52C452D2A0087D792 /* Route.swift in Sources */ = {isa = PBXBuildFile; fileRef = 77693EA42C452D2A0087D792 /* Route.swift */; };
		77693EA72C452DE50087D792 /* OnboardingView.swift in Sources */ = {isa = PBXBuildFile; fileRef = 77693EA62C452DE50087D792 /* OnboardingView.swift */; };
		77693EB12C45378D0087D792 /* LoginView.swift in Sources */ = {isa = PBXBuildFile; fileRef = 77693EB02C45378D0087D792 /* LoginView.swift */; };
		77693EB32C453BCC0087D792 /* Logo.swift in Sources */ = {isa = PBXBuildFile; fileRef = 77693EB22C453BCC0087D792 /* Logo.swift */; };
		77693EB52C453BF20087D792 /* AuthButton.swift in Sources */ = {isa = PBXBuildFile; fileRef = 77693EB42C453BF20087D792 /* AuthButton.swift */; };
		77693EB72C4540160087D792 /* RegisterView.swift in Sources */ = {isa = PBXBuildFile; fileRef = 77693EB62C4540160087D792 /* RegisterView.swift */; };
		77693EBB2C45465E0087D792 /* Maintab.swift in Sources */ = {isa = PBXBuildFile; fileRef = 77693EBA2C45465E0087D792 /* Maintab.swift */; };
		77693EC12C4547770087D792 /* HomeView.swift in Sources */ = {isa = PBXBuildFile; fileRef = 77693EC02C4547770087D792 /* HomeView.swift */; };
		77693EC42C454C650087D792 /* RootView.swift in Sources */ = {isa = PBXBuildFile; fileRef = 77693EC32C454C650087D792 /* RootView.swift */; };
		77693EC62C4554C50087D792 /* HouseDetail.swift in Sources */ = {isa = PBXBuildFile; fileRef = 77693EC52C4554C50087D792 /* HouseDetail.swift */; };
		77693EC82C4559C60087D792 /* HouseRowDetail.swift in Sources */ = {isa = PBXBuildFile; fileRef = 77693EC72C4559C60087D792 /* HouseRowDetail.swift */; };
		779A0AAC2C4D1D540030111E /* BookmarkView.swift in Sources */ = {isa = PBXBuildFile; fileRef = 779A0AAB2C4D1D540030111E /* BookmarkView.swift */; };
		779A0AB02C4D33B10030111E /* ProfileView.swift in Sources */ = {isa = PBXBuildFile; fileRef = 779A0AAF2C4D33B10030111E /* ProfileView.swift */; };
		779A0AB52C4E4A160030111E /* ChatView.swift in Sources */ = {isa = PBXBuildFile; fileRef = 779A0AB42C4E4A160030111E /* ChatView.swift */; };
		77AFA5812C4FC5A90043CA6B /* CancelBooking.swift in Sources */ = {isa = PBXBuildFile; fileRef = 77AFA5802C4FC5A90043CA6B /* CancelBooking.swift */; };
		77AFA5852C4FE1940043CA6B /* RealtorRevire.swift in Sources */ = {isa = PBXBuildFile; fileRef = 77AFA5842C4FE1940043CA6B /* RealtorRevire.swift */; };
		77AFA5892C500AFB0043CA6B /* SearchFilters.swift in Sources */ = {isa = PBXBuildFile; fileRef = 77AFA5882C500AFB0043CA6B /* SearchFilters.swift */; };
		77B18C572C4E75B900635316 /* LikedProperties.swift in Sources */ = {isa = PBXBuildFile; fileRef = 77B18C562C4E75B900635316 /* LikedProperties.swift */; };
		77B18C592C4E7F1400635316 /* RecentChats.swift in Sources */ = {isa = PBXBuildFile; fileRef = 77B18C582C4E7F1400635316 /* RecentChats.swift */; };
		77B18C5B2C4E84A700635316 /* SDWebImageSwiftUI in Frameworks */ = {isa = PBXBuildFile; productRef = 77B18C5A2C4E84A700635316 /* SDWebImageSwiftUI */; };
		77CA54BD2C4AA93400BAF74E /* PropertyCardView.swift in Sources */ = {isa = PBXBuildFile; fileRef = 77CA54BC2C4AA93400BAF74E /* PropertyCardView.swift */; };
		77CA54BF2C4AB13E00BAF74E /* UserModel.swift in Sources */ = {isa = PBXBuildFile; fileRef = 77CA54BE2C4AB13E00BAF74E /* UserModel.swift */; };
		77CA54C12C4ABBD000BAF74E /* PropertyCommentCapsule.swift in Sources */ = {isa = PBXBuildFile; fileRef = 77CA54C02C4ABBD000BAF74E /* PropertyCommentCapsule.swift */; };
		77CA54C32C4AD48B00BAF74E /* RealtorView.swift in Sources */ = {isa = PBXBuildFile; fileRef = 77CA54C22C4AD48B00BAF74E /* RealtorView.swift */; };
		77CA54C62C4BBE2100BAF74E /* SwiftfulUI in Frameworks */ = {isa = PBXBuildFile; productRef = 77CA54C52C4BBE2100BAF74E /* SwiftfulUI */; };
		77CA54C92C4BC21800BAF74E /* SwipeViewmodel.swift in Sources */ = {isa = PBXBuildFile; fileRef = 77CA54C82C4BC21800BAF74E /* SwipeViewmodel.swift */; };
		77F1A65D2C4566C200EE5D17 /* PropertyDetail.swift in Sources */ = {isa = PBXBuildFile; fileRef = 77F1A65C2C4566C200EE5D17 /* PropertyDetail.swift */; };
		77F1A6602C456F9600EE5D17 /* PropertyCapsule.swift in Sources */ = {isa = PBXBuildFile; fileRef = 77F1A65F2C456F9600EE5D17 /* PropertyCapsule.swift */; };
		77F92FA42C46A91A00B212DC /* RealtorRating.swift in Sources */ = {isa = PBXBuildFile; fileRef = 77F92FA32C46A91A00B212DC /* RealtorRating.swift */; };
		77F92FA62C46BD8B00B212DC /* MapLocation.swift in Sources */ = {isa = PBXBuildFile; fileRef = 77F92FA52C46BD8B00B212DC /* MapLocation.swift */; };
		77F92FA82C46BDBE00B212DC /* PropertyLocation.swift in Sources */ = {isa = PBXBuildFile; fileRef = 77F92FA72C46BDBE00B212DC /* PropertyLocation.swift */; };
		77F92FAA2C46C36C00B212DC /* BookNowPopUp.swift in Sources */ = {isa = PBXBuildFile; fileRef = 77F92FA92C46C36C00B212DC /* BookNowPopUp.swift */; };
		77F92FAC2C46C92A00B212DC /* BookTour.swift in Sources */ = {isa = PBXBuildFile; fileRef = 77F92FAB2C46C92A00B212DC /* BookTour.swift */; };
		77F92FAE2C46D23A00B212DC /* ReceivedBooking.swift in Sources */ = {isa = PBXBuildFile; fileRef = 77F92FAD2C46D23A00B212DC /* ReceivedBooking.swift */; };
		77F92FB02C46E9B400B212DC /* RealEstateView.swift in Sources */ = {isa = PBXBuildFile; fileRef = 77F92FAF2C46E9B400B212DC /* RealEstateView.swift */; };
		77F92FB22C46FE4400B212DC /* ReviewSummary.swift in Sources */ = {isa = PBXBuildFile; fileRef = 77F92FB12C46FE4400B212DC /* ReviewSummary.swift */; };
		77F92FB42C47032A00B212DC /* AddCardDetails.swift in Sources */ = {isa = PBXBuildFile; fileRef = 77F92FB32C47032A00B212DC /* AddCardDetails.swift */; };
		77F92FB72C47035200B212DC /* PaymentMethod.swift in Sources */ = {isa = PBXBuildFile; fileRef = 77F92FB62C47035200B212DC /* PaymentMethod.swift */; };
		77F92FB92C470CB300B212DC /* AddPhoneNumber.swift in Sources */ = {isa = PBXBuildFile; fileRef = 77F92FB82C470CB300B212DC /* AddPhoneNumber.swift */; };
/* End PBXBuildFile section */

/* Begin PBXFileReference section */
		77303D032C4FA2E7008F665A /* MyBooking.swift */ = {isa = PBXFileReference; lastKnownFileType = sourcecode.swift; path = MyBooking.swift; sourceTree = "<group>"; };
		774853F62C47B67700655C6B /* MapView.swift */ = {isa = PBXFileReference; lastKnownFileType = sourcecode.swift; path = MapView.swift; sourceTree = "<group>"; };
		7748541C2C490B4000655C6B /* PropertyLocations.swift */ = {isa = PBXFileReference; lastKnownFileType = sourcecode.swift; path = PropertyLocations.swift; sourceTree = "<group>"; };
		7748541E2C490BBC00655C6B /* MapViewmodel.swift */ = {isa = PBXFileReference; lastKnownFileType = sourcecode.swift; path = MapViewmodel.swift; sourceTree = "<group>"; };
		774854222C493E2100655C6B /* SwipeView.swift */ = {isa = PBXFileReference; lastKnownFileType = sourcecode.swift; path = SwipeView.swift; sourceTree = "<group>"; };
		774854252C49408200655C6B /* HeaderFilter.swift */ = {isa = PBXFileReference; lastKnownFileType = sourcecode.swift; path = HeaderFilter.swift; sourceTree = "<group>"; };
		774854272C49485400655C6B /* ImageLoader.swift */ = {isa = PBXFileReference; lastKnownFileType = sourcecode.swift; path = ImageLoader.swift; sourceTree = "<group>"; };
		7748542A2C494BC100655C6B /* PropertyModel.swift */ = {isa = PBXFileReference; lastKnownFileType = sourcecode.swift; path = PropertyModel.swift; sourceTree = "<group>"; };
		7748542C2C49502600655C6B /* MockData.swift */ = {isa = PBXFileReference; lastKnownFileType = sourcecode.swift; path = MockData.swift; sourceTree = "<group>"; };
		77693E832C450BCC0087D792 /* HomeQuest.app */ = {isa = PBXFileReference; explicitFileType = wrapper.application; includeInIndex = 0; path = HomeQuest.app; sourceTree = BUILT_PRODUCTS_DIR; };
		77693E862C450BCC0087D792 /* HomeQuestApp.swift */ = {isa = PBXFileReference; lastKnownFileType = sourcecode.swift; path = HomeQuestApp.swift; sourceTree = "<group>"; };
		77693E882C450BCC0087D792 /* ContentView.swift */ = {isa = PBXFileReference; lastKnownFileType = sourcecode.swift; path = ContentView.swift; sourceTree = "<group>"; };
		77693E8A2C450BCE0087D792 /* Assets.xcassets */ = {isa = PBXFileReference; lastKnownFileType = folder.assetcatalog; path = Assets.xcassets; sourceTree = "<group>"; };
		77693E8D2C450BCE0087D792 /* Preview Assets.xcassets */ = {isa = PBXFileReference; lastKnownFileType = folder.assetcatalog; path = "Preview Assets.xcassets"; sourceTree = "<group>"; };
		77693E9B2C450DFB0087D792 /* Splash.swift */ = {isa = PBXFileReference; lastKnownFileType = sourcecode.swift; path = Splash.swift; sourceTree = "<group>"; };
		77693E9D2C45267D0087D792 /* Screen1.swift */ = {isa = PBXFileReference; lastKnownFileType = sourcecode.swift; path = Screen1.swift; sourceTree = "<group>"; };
		77693E9F2C452A080087D792 /* Screen2.swift */ = {isa = PBXFileReference; lastKnownFileType = sourcecode.swift; path = Screen2.swift; sourceTree = "<group>"; };
		77693EA12C452AB00087D792 /* Screen3.swift */ = {isa = PBXFileReference; lastKnownFileType = sourcecode.swift; path = Screen3.swift; sourceTree = "<group>"; };
		77693EA42C452D2A0087D792 /* Route.swift */ = {isa = PBXFileReference; lastKnownFileType = sourcecode.swift; path = Route.swift; sourceTree = "<group>"; };
		77693EA62C452DE50087D792 /* OnboardingView.swift */ = {isa = PBXFileReference; lastKnownFileType = sourcecode.swift; path = OnboardingView.swift; sourceTree = "<group>"; };
		77693EB02C45378D0087D792 /* LoginView.swift */ = {isa = PBXFileReference; lastKnownFileType = sourcecode.swift; path = LoginView.swift; sourceTree = "<group>"; };
		77693EB22C453BCC0087D792 /* Logo.swift */ = {isa = PBXFileReference; lastKnownFileType = sourcecode.swift; path = Logo.swift; sourceTree = "<group>"; };
		77693EB42C453BF20087D792 /* AuthButton.swift */ = {isa = PBXFileReference; lastKnownFileType = sourcecode.swift; path = AuthButton.swift; sourceTree = "<group>"; };
		77693EB62C4540160087D792 /* RegisterView.swift */ = {isa = PBXFileReference; lastKnownFileType = sourcecode.swift; path = RegisterView.swift; sourceTree = "<group>"; };
		77693EBA2C45465E0087D792 /* Maintab.swift */ = {isa = PBXFileReference; lastKnownFileType = sourcecode.swift; path = Maintab.swift; sourceTree = "<group>"; };
		77693EC02C4547770087D792 /* HomeView.swift */ = {isa = PBXFileReference; lastKnownFileType = sourcecode.swift; path = HomeView.swift; sourceTree = "<group>"; };
		77693EC32C454C650087D792 /* RootView.swift */ = {isa = PBXFileReference; lastKnownFileType = sourcecode.swift; path = RootView.swift; sourceTree = "<group>"; };
		77693EC52C4554C50087D792 /* HouseDetail.swift */ = {isa = PBXFileReference; lastKnownFileType = sourcecode.swift; path = HouseDetail.swift; sourceTree = "<group>"; };
		77693EC72C4559C60087D792 /* HouseRowDetail.swift */ = {isa = PBXFileReference; lastKnownFileType = sourcecode.swift; path = HouseRowDetail.swift; sourceTree = "<group>"; };
		779A0AAB2C4D1D540030111E /* BookmarkView.swift */ = {isa = PBXFileReference; lastKnownFileType = sourcecode.swift; path = BookmarkView.swift; sourceTree = "<group>"; };
		779A0AAF2C4D33B10030111E /* ProfileView.swift */ = {isa = PBXFileReference; lastKnownFileType = sourcecode.swift; path = ProfileView.swift; sourceTree = "<group>"; };
		779A0AB42C4E4A160030111E /* ChatView.swift */ = {isa = PBXFileReference; lastKnownFileType = sourcecode.swift; path = ChatView.swift; sourceTree = "<group>"; };
		77AFA5802C4FC5A90043CA6B /* CancelBooking.swift */ = {isa = PBXFileReference; lastKnownFileType = sourcecode.swift; path = CancelBooking.swift; sourceTree = "<group>"; };
		77AFA5842C4FE1940043CA6B /* RealtorRevire.swift */ = {isa = PBXFileReference; lastKnownFileType = sourcecode.swift; path = RealtorRevire.swift; sourceTree = "<group>"; };
		77AFA5882C500AFB0043CA6B /* SearchFilters.swift */ = {isa = PBXFileReference; lastKnownFileType = sourcecode.swift; path = SearchFilters.swift; sourceTree = "<group>"; };
		77B18C562C4E75B900635316 /* LikedProperties.swift */ = {isa = PBXFileReference; lastKnownFileType = sourcecode.swift; path = LikedProperties.swift; sourceTree = "<group>"; };
		77B18C582C4E7F1400635316 /* RecentChats.swift */ = {isa = PBXFileReference; lastKnownFileType = sourcecode.swift; path = RecentChats.swift; sourceTree = "<group>"; };
		77CA54BC2C4AA93400BAF74E /* PropertyCardView.swift */ = {isa = PBXFileReference; lastKnownFileType = sourcecode.swift; path = PropertyCardView.swift; sourceTree = "<group>"; };
		77CA54BE2C4AB13E00BAF74E /* UserModel.swift */ = {isa = PBXFileReference; lastKnownFileType = sourcecode.swift; path = UserModel.swift; sourceTree = "<group>"; };
		77CA54C02C4ABBD000BAF74E /* PropertyCommentCapsule.swift */ = {isa = PBXFileReference; lastKnownFileType = sourcecode.swift; path = PropertyCommentCapsule.swift; sourceTree = "<group>"; };
		77CA54C22C4AD48B00BAF74E /* RealtorView.swift */ = {isa = PBXFileReference; lastKnownFileType = sourcecode.swift; path = RealtorView.swift; sourceTree = "<group>"; };
		77CA54C82C4BC21800BAF74E /* SwipeViewmodel.swift */ = {isa = PBXFileReference; lastKnownFileType = sourcecode.swift; path = SwipeViewmodel.swift; sourceTree = "<group>"; };
		77F1A65C2C4566C200EE5D17 /* PropertyDetail.swift */ = {isa = PBXFileReference; lastKnownFileType = sourcecode.swift; path = PropertyDetail.swift; sourceTree = "<group>"; };
		77F1A65F2C456F9600EE5D17 /* PropertyCapsule.swift */ = {isa = PBXFileReference; lastKnownFileType = sourcecode.swift; path = PropertyCapsule.swift; sourceTree = "<group>"; };
		77F92FA32C46A91A00B212DC /* RealtorRating.swift */ = {isa = PBXFileReference; lastKnownFileType = sourcecode.swift; path = RealtorRating.swift; sourceTree = "<group>"; };
		77F92FA52C46BD8B00B212DC /* MapLocation.swift */ = {isa = PBXFileReference; lastKnownFileType = sourcecode.swift; path = MapLocation.swift; sourceTree = "<group>"; };
		77F92FA72C46BDBE00B212DC /* PropertyLocation.swift */ = {isa = PBXFileReference; lastKnownFileType = sourcecode.swift; path = PropertyLocation.swift; sourceTree = "<group>"; };
		77F92FA92C46C36C00B212DC /* BookNowPopUp.swift */ = {isa = PBXFileReference; lastKnownFileType = sourcecode.swift; path = BookNowPopUp.swift; sourceTree = "<group>"; };
		77F92FAB2C46C92A00B212DC /* BookTour.swift */ = {isa = PBXFileReference; lastKnownFileType = sourcecode.swift; path = BookTour.swift; sourceTree = "<group>"; };
		77F92FAD2C46D23A00B212DC /* ReceivedBooking.swift */ = {isa = PBXFileReference; lastKnownFileType = sourcecode.swift; path = ReceivedBooking.swift; sourceTree = "<group>"; };
		77F92FAF2C46E9B400B212DC /* RealEstateView.swift */ = {isa = PBXFileReference; lastKnownFileType = sourcecode.swift; path = RealEstateView.swift; sourceTree = "<group>"; };
		77F92FB12C46FE4400B212DC /* ReviewSummary.swift */ = {isa = PBXFileReference; lastKnownFileType = sourcecode.swift; path = ReviewSummary.swift; sourceTree = "<group>"; };
		77F92FB32C47032A00B212DC /* AddCardDetails.swift */ = {isa = PBXFileReference; lastKnownFileType = sourcecode.swift; path = AddCardDetails.swift; sourceTree = "<group>"; };
		77F92FB62C47035200B212DC /* PaymentMethod.swift */ = {isa = PBXFileReference; lastKnownFileType = sourcecode.swift; name = PaymentMethod.swift; path = HomeQuest/Core/Propertydetail/PaymentMethod.swift; sourceTree = SOURCE_ROOT; };
		77F92FB82C470CB300B212DC /* AddPhoneNumber.swift */ = {isa = PBXFileReference; lastKnownFileType = sourcecode.swift; path = AddPhoneNumber.swift; sourceTree = "<group>"; };
/* End PBXFileReference section */

/* Begin PBXFrameworksBuildPhase section */
		77693E802C450BCC0087D792 /* Frameworks */ = {
			isa = PBXFrameworksBuildPhase;
			buildActionMask = 2147483647;
			files = (
				77B18C5B2C4E84A700635316 /* SDWebImageSwiftUI in Frameworks */,
				77571A7E2C4E6988006DC2DA /* SDWebImageSwiftUI in Frameworks */,
				77CA54C62C4BBE2100BAF74E /* SwiftfulUI in Frameworks */,
			);
			runOnlyForDeploymentPostprocessing = 0;
		};
/* End PBXFrameworksBuildPhase section */

/* Begin PBXGroup section */
		77303D012C4FA2D2008F665A /* MyBookings */ = {
			isa = PBXGroup;
			children = (
				77303D022C4FA2DB008F665A /* View */,
			);
			path = MyBookings;
			sourceTree = "<group>";
		};
		77303D022C4FA2DB008F665A /* View */ = {
			isa = PBXGroup;
			children = (
				77303D032C4FA2E7008F665A /* MyBooking.swift */,
				77AFA5802C4FC5A90043CA6B /* CancelBooking.swift */,
			);
			path = View;
			sourceTree = "<group>";
		};
		774853F32C47B65E00655C6B /* MapView */ = {
			isa = PBXGroup;
			children = (
				7748541B2C490B3200655C6B /* Model */,
				774853F52C47B66600655C6B /* ViewModel */,
				774853F42C47B66200655C6B /* View */,
			);
			path = MapView;
			sourceTree = "<group>";
		};
		774853F42C47B66200655C6B /* View */ = {
			isa = PBXGroup;
			children = (
				774853F62C47B67700655C6B /* MapView.swift */,
			);
			path = View;
			sourceTree = "<group>";
		};
		774853F52C47B66600655C6B /* ViewModel */ = {
			isa = PBXGroup;
			children = (
				7748541E2C490BBC00655C6B /* MapViewmodel.swift */,
			);
			path = ViewModel;
			sourceTree = "<group>";
		};
		7748541B2C490B3200655C6B /* Model */ = {
			isa = PBXGroup;
			children = (
				7748541C2C490B4000655C6B /* PropertyLocations.swift */,
			);
			path = Model;
			sourceTree = "<group>";
		};
		774854202C493E0400655C6B /* Swipe View */ = {
			isa = PBXGroup;
			children = (
				77CA54C72C4BC20A00BAF74E /* Viewmodel */,
				774854242C493F7000655C6B /* Components */,
				774854212C493E1500655C6B /* View */,
			);
			path = "Swipe View";
			sourceTree = "<group>";
		};
		774854212C493E1500655C6B /* View */ = {
			isa = PBXGroup;
			children = (
				774854222C493E2100655C6B /* SwipeView.swift */,
			);
			path = View;
			sourceTree = "<group>";
		};
		774854242C493F7000655C6B /* Components */ = {
			isa = PBXGroup;
			children = (
				774854252C49408200655C6B /* HeaderFilter.swift */,
				77CA54BC2C4AA93400BAF74E /* PropertyCardView.swift */,
				77CA54C02C4ABBD000BAF74E /* PropertyCommentCapsule.swift */,
			);
			path = Components;
			sourceTree = "<group>";
		};
		774854292C494BB400655C6B /* Model */ = {
			isa = PBXGroup;
			children = (
				7748542A2C494BC100655C6B /* PropertyModel.swift */,
				77CA54BE2C4AB13E00BAF74E /* UserModel.swift */,
			);
			path = Model;
			sourceTree = "<group>";
		};
		77571A7A2C4E68A8006DC2DA /* Frameworks */ = {
			isa = PBXGroup;
			children = (
			);
			name = Frameworks;
			sourceTree = "<group>";
		};
		77693E7A2C450BCC0087D792 = {
			isa = PBXGroup;
			children = (
				77693E852C450BCC0087D792 /* HomeQuest */,
				77693E842C450BCC0087D792 /* Products */,
				77571A7A2C4E68A8006DC2DA /* Frameworks */,
			);
			sourceTree = "<group>";
		};
		77693E842C450BCC0087D792 /* Products */ = {
			isa = PBXGroup;
			children = (
				77693E832C450BCC0087D792 /* HomeQuest.app */,
			);
			name = Products;
			sourceTree = "<group>";
		};
		77693E852C450BCC0087D792 /* HomeQuest */ = {
			isa = PBXGroup;
			children = (
				774854292C494BB400655C6B /* Model */,
				77693E942C450D8F0087D792 /* App */,
				77693E992C450DE20087D792 /* Onboarding */,
				77693E952C450D930087D792 /* Core */,
				77693E972C450DB20087D792 /* Extension */,
				77693E962C450D990087D792 /* Manager */,
				77693EA32C452D210087D792 /* Route */,
				77693E982C450DBA0087D792 /* Shared */,
				77693E882C450BCC0087D792 /* ContentView.swift */,
				77693E8A2C450BCE0087D792 /* Assets.xcassets */,
				77693E8C2C450BCE0087D792 /* Preview Content */,
			);
			path = HomeQuest;
			sourceTree = "<group>";
		};
		77693E8C2C450BCE0087D792 /* Preview Content */ = {
			isa = PBXGroup;
			children = (
				77693E8D2C450BCE0087D792 /* Preview Assets.xcassets */,
			);
			path = "Preview Content";
			sourceTree = "<group>";
		};
		77693E942C450D8F0087D792 /* App */ = {
			isa = PBXGroup;
			children = (
				77693E862C450BCC0087D792 /* HomeQuestApp.swift */,
			);
			path = App;
			sourceTree = "<group>";
		};
		77693E952C450D930087D792 /* Core */ = {
			isa = PBXGroup;
			children = (
				77AFA5862C500AE00043CA6B /* SearchFilter */,
				77AFA5822C4FE17F0043CA6B /* RealtorReview */,
				77303D012C4FA2D2008F665A /* MyBookings */,
				779A0AAD2C4D33980030111E /* Profile */,
				779A0AA92C4D1D460030111E /* Bookmark */,
				774854202C493E0400655C6B /* Swipe View */,
				774853F32C47B65E00655C6B /* MapView */,
				77F1A65A2C4566AA00EE5D17 /* Propertydetail */,
				77693EC22C454C4A0087D792 /* Root */,
				77693EA82C4533A40087D792 /* AuthViews */,
				77693EB92C45464E0087D792 /* Maintab */,
				77693EBC2C45475E0087D792 /* Home */,
			);
			path = Core;
			sourceTree = "<group>";
		};
		77693E962C450D990087D792 /* Manager */ = {
			isa = PBXGroup;
			children = (
			);
			path = Manager;
			sourceTree = "<group>";
		};
		77693E972C450DB20087D792 /* Extension */ = {
			isa = PBXGroup;
			children = (
			);
			path = Extension;
			sourceTree = "<group>";
		};
		77693E982C450DBA0087D792 /* Shared */ = {
			isa = PBXGroup;
			children = (
				77693EC52C4554C50087D792 /* HouseDetail.swift */,
				77693EC72C4559C60087D792 /* HouseRowDetail.swift */,
				774854272C49485400655C6B /* ImageLoader.swift */,
				7748542C2C49502600655C6B /* MockData.swift */,
				77CA54C22C4AD48B00BAF74E /* RealtorView.swift */,
				779A0AB42C4E4A160030111E /* ChatView.swift */,
				77B18C562C4E75B900635316 /* LikedProperties.swift */,
				77B18C582C4E7F1400635316 /* RecentChats.swift */,
			);
			path = Shared;
			sourceTree = "<group>";
		};
		77693E992C450DE20087D792 /* Onboarding */ = {
			isa = PBXGroup;
			children = (
				77693E9A2C450DEA0087D792 /* View */,
			);
			path = Onboarding;
			sourceTree = "<group>";
		};
		77693E9A2C450DEA0087D792 /* View */ = {
			isa = PBXGroup;
			children = (
				77693EA62C452DE50087D792 /* OnboardingView.swift */,
				77693E9B2C450DFB0087D792 /* Splash.swift */,
				77693E9D2C45267D0087D792 /* Screen1.swift */,
				77693E9F2C452A080087D792 /* Screen2.swift */,
				77693EA12C452AB00087D792 /* Screen3.swift */,
			);
			path = View;
			sourceTree = "<group>";
		};
		77693EA32C452D210087D792 /* Route */ = {
			isa = PBXGroup;
			children = (
				77693EA42C452D2A0087D792 /* Route.swift */,
			);
			path = Route;
			sourceTree = "<group>";
		};
		77693EA82C4533A40087D792 /* AuthViews */ = {
			isa = PBXGroup;
			children = (
				77693EAB2C4533C20087D792 /* Shared */,
				77693EAA2C4533B30087D792 /* Register */,
				77693EA92C4533AE0087D792 /* Login */,
			);
			path = AuthViews;
			sourceTree = "<group>";
		};
		77693EA92C4533AE0087D792 /* Login */ = {
			isa = PBXGroup;
			children = (
				77693EB02C45378D0087D792 /* LoginView.swift */,
			);
			path = Login;
			sourceTree = "<group>";
		};
		77693EAA2C4533B30087D792 /* Register */ = {
			isa = PBXGroup;
			children = (
				77693EB62C4540160087D792 /* RegisterView.swift */,
			);
			path = Register;
			sourceTree = "<group>";
		};
		77693EAB2C4533C20087D792 /* Shared */ = {
			isa = PBXGroup;
			children = (
				77693EB22C453BCC0087D792 /* Logo.swift */,
				77693EB42C453BF20087D792 /* AuthButton.swift */,
			);
			path = Shared;
			sourceTree = "<group>";
		};
		77693EB92C45464E0087D792 /* Maintab */ = {
			isa = PBXGroup;
			children = (
				77693EBA2C45465E0087D792 /* Maintab.swift */,
			);
			path = Maintab;
			sourceTree = "<group>";
		};
		77693EBC2C45475E0087D792 /* Home */ = {
			isa = PBXGroup;
			children = (
				77693EBF2C45476C0087D792 /* Model */,
				77693EBE2C4547670087D792 /* ViewModel */,
				77693EBD2C4547620087D792 /* View */,
			);
			path = Home;
			sourceTree = "<group>";
		};
		77693EBD2C4547620087D792 /* View */ = {
			isa = PBXGroup;
			children = (
				77693EC02C4547770087D792 /* HomeView.swift */,
			);
			path = View;
			sourceTree = "<group>";
		};
		77693EBE2C4547670087D792 /* ViewModel */ = {
			isa = PBXGroup;
			children = (
			);
			path = ViewModel;
			sourceTree = "<group>";
		};
		77693EBF2C45476C0087D792 /* Model */ = {
			isa = PBXGroup;
			children = (
			);
			path = Model;
			sourceTree = "<group>";
		};
		77693EC22C454C4A0087D792 /* Root */ = {
			isa = PBXGroup;
			children = (
				77693EC32C454C650087D792 /* RootView.swift */,
			);
			path = Root;
			sourceTree = "<group>";
		};
		779A0AA92C4D1D460030111E /* Bookmark */ = {
			isa = PBXGroup;
			children = (
				779A0AAA2C4D1D4B0030111E /* View */,
			);
			path = Bookmark;
			sourceTree = "<group>";
		};
		779A0AAA2C4D1D4B0030111E /* View */ = {
			isa = PBXGroup;
			children = (
				779A0AAB2C4D1D540030111E /* BookmarkView.swift */,
			);
			path = View;
			sourceTree = "<group>";
		};
		779A0AAD2C4D33980030111E /* Profile */ = {
			isa = PBXGroup;
			children = (
				779A0AAE2C4D339B0030111E /* View */,
			);
			path = Profile;
			sourceTree = "<group>";
		};
		779A0AAE2C4D339B0030111E /* View */ = {
			isa = PBXGroup;
			children = (
				779A0AAF2C4D33B10030111E /* ProfileView.swift */,
			);
			path = View;
			sourceTree = "<group>";
		};
		77AFA5822C4FE17F0043CA6B /* RealtorReview */ = {
			isa = PBXGroup;
			children = (
				77AFA5832C4FE18A0043CA6B /* View */,
			);
			path = RealtorReview;
			sourceTree = "<group>";
		};
		77AFA5832C4FE18A0043CA6B /* View */ = {
			isa = PBXGroup;
			children = (
				77AFA5842C4FE1940043CA6B /* RealtorRevire.swift */,
			);
			path = View;
			sourceTree = "<group>";
		};
		77AFA5862C500AE00043CA6B /* SearchFilter */ = {
			isa = PBXGroup;
			children = (
				77AFA5872C500AED0043CA6B /* View */,
			);
			path = SearchFilter;
			sourceTree = "<group>";
		};
		77AFA5872C500AED0043CA6B /* View */ = {
			isa = PBXGroup;
			children = (
				77AFA5882C500AFB0043CA6B /* SearchFilters.swift */,
			);
			path = View;
			sourceTree = "<group>";
		};
		77CA54C72C4BC20A00BAF74E /* Viewmodel */ = {
			isa = PBXGroup;
			children = (
				77CA54C82C4BC21800BAF74E /* SwipeViewmodel.swift */,
			);
			path = Viewmodel;
			sourceTree = "<group>";
		};
		77F1A65A2C4566AA00EE5D17 /* Propertydetail */ = {
			isa = PBXGroup;
			children = (
				77F92FB52C47034000B212DC /* Model */,
				77F1A65E2C456F7F00EE5D17 /* Components */,
				77F1A65B2C4566B700EE5D17 /* View */,
			);
			path = Propertydetail;
			sourceTree = "<group>";
		};
		77F1A65B2C4566B700EE5D17 /* View */ = {
			isa = PBXGroup;
			children = (
				77F1A65C2C4566C200EE5D17 /* PropertyDetail.swift */,
				77F92FAB2C46C92A00B212DC /* BookTour.swift */,
				77F92FAD2C46D23A00B212DC /* ReceivedBooking.swift */,
				77F92FAF2C46E9B400B212DC /* RealEstateView.swift */,
				77F92FB12C46FE4400B212DC /* ReviewSummary.swift */,
				77F92FB32C47032A00B212DC /* AddCardDetails.swift */,
				77F92FB82C470CB300B212DC /* AddPhoneNumber.swift */,
			);
			path = View;
			sourceTree = "<group>";
		};
		77F1A65E2C456F7F00EE5D17 /* Components */ = {
			isa = PBXGroup;
			children = (
				77F1A65F2C456F9600EE5D17 /* PropertyCapsule.swift */,
				77F92FA32C46A91A00B212DC /* RealtorRating.swift */,
				77F92FA52C46BD8B00B212DC /* MapLocation.swift */,
				77F92FA72C46BDBE00B212DC /* PropertyLocation.swift */,
				77F92FA92C46C36C00B212DC /* BookNowPopUp.swift */,
			);
			path = Components;
			sourceTree = "<group>";
		};
		77F92FB52C47034000B212DC /* Model */ = {
			isa = PBXGroup;
			children = (
				77F92FB62C47035200B212DC /* PaymentMethod.swift */,
			);
			path = Model;
			sourceTree = "<group>";
		};
/* End PBXGroup section */

/* Begin PBXNativeTarget section */
		77693E822C450BCC0087D792 /* HomeQuest */ = {
			isa = PBXNativeTarget;
			buildConfigurationList = 77693E912C450BCE0087D792 /* Build configuration list for PBXNativeTarget "HomeQuest" */;
			buildPhases = (
				77693E7F2C450BCC0087D792 /* Sources */,
				77693E802C450BCC0087D792 /* Frameworks */,
				77693E812C450BCC0087D792 /* Resources */,
			);
			buildRules = (
			);
			dependencies = (
			);
			name = HomeQuest;
			packageProductDependencies = (
				77CA54C52C4BBE2100BAF74E /* SwiftfulUI */,
				77571A7D2C4E6988006DC2DA /* SDWebImageSwiftUI */,
				77B18C5A2C4E84A700635316 /* SDWebImageSwiftUI */,
			);
			productName = HomeQuest;
			productReference = 77693E832C450BCC0087D792 /* HomeQuest.app */;
			productType = "com.apple.product-type.application";
		};
/* End PBXNativeTarget section */

/* Begin PBXProject section */
		77693E7B2C450BCC0087D792 /* Project object */ = {
			isa = PBXProject;
			attributes = {
				BuildIndependentTargetsInParallel = 1;
				LastSwiftUpdateCheck = 1540;
				LastUpgradeCheck = 1540;
				TargetAttributes = {
					77693E822C450BCC0087D792 = {
						CreatedOnToolsVersion = 15.4;
					};
				};
			};
			buildConfigurationList = 77693E7E2C450BCC0087D792 /* Build configuration list for PBXProject "HomeQuest" */;
			compatibilityVersion = "Xcode 14.0";
			developmentRegion = en;
			hasScannedForEncodings = 0;
			knownRegions = (
				en,
				Base,
			);
			mainGroup = 77693E7A2C450BCC0087D792;
			packageReferences = (
				77CA54C42C4BBE2100BAF74E /* XCRemoteSwiftPackageReference "SwiftfulUI" */,
				779A0AB12C4E3BFD0030111E /* XCRemoteSwiftPackageReference "SDWebImageSwiftUI" */,
			);
			productRefGroup = 77693E842C450BCC0087D792 /* Products */;
			projectDirPath = "";
			projectRoot = "";
			targets = (
				77693E822C450BCC0087D792 /* HomeQuest */,
			);
		};
/* End PBXProject section */

/* Begin PBXResourcesBuildPhase section */
		77693E812C450BCC0087D792 /* Resources */ = {
			isa = PBXResourcesBuildPhase;
			buildActionMask = 2147483647;
			files = (
				77693E8E2C450BCE0087D792 /* Preview Assets.xcassets in Resources */,
				77693E8B2C450BCE0087D792 /* Assets.xcassets in Resources */,
			);
			runOnlyForDeploymentPostprocessing = 0;
		};
/* End PBXResourcesBuildPhase section */

/* Begin PBXSourcesBuildPhase section */
		77693E7F2C450BCC0087D792 /* Sources */ = {
			isa = PBXSourcesBuildPhase;
			buildActionMask = 2147483647;
			files = (
				77CA54C32C4AD48B00BAF74E /* RealtorView.swift in Sources */,
				77303D042C4FA2E7008F665A /* MyBooking.swift in Sources */,
				77F92FB22C46FE4400B212DC /* ReviewSummary.swift in Sources */,
				779A0AB52C4E4A160030111E /* ChatView.swift in Sources */,
				77F92FA42C46A91A00B212DC /* RealtorRating.swift in Sources */,
				77693EBB2C45465E0087D792 /* Maintab.swift in Sources */,
				7748541D2C490B4000655C6B /* PropertyLocations.swift in Sources */,
				77F1A65D2C4566C200EE5D17 /* PropertyDetail.swift in Sources */,
				77693EC12C4547770087D792 /* HomeView.swift in Sources */,
				77693E892C450BCC0087D792 /* ContentView.swift in Sources */,
				7748542B2C494BC100655C6B /* PropertyModel.swift in Sources */,
				77693EC62C4554C50087D792 /* HouseDetail.swift in Sources */,
				77693EA02C452A080087D792 /* Screen2.swift in Sources */,
				77B18C572C4E75B900635316 /* LikedProperties.swift in Sources */,
				77F92FA82C46BDBE00B212DC /* PropertyLocation.swift in Sources */,
				77F92FA62C46BD8B00B212DC /* MapLocation.swift in Sources */,
				774853F72C47B67700655C6B /* MapView.swift in Sources */,
				77AFA5812C4FC5A90043CA6B /* CancelBooking.swift in Sources */,
				77F92FB72C47035200B212DC /* PaymentMethod.swift in Sources */,
				77B18C592C4E7F1400635316 /* RecentChats.swift in Sources */,
				77693EC82C4559C60087D792 /* HouseRowDetail.swift in Sources */,
				774854282C49485400655C6B /* ImageLoader.swift in Sources */,
				77693E9E2C45267D0087D792 /* Screen1.swift in Sources */,
				77693EA22C452AB00087D792 /* Screen3.swift in Sources */,
				77CA54BF2C4AB13E00BAF74E /* UserModel.swift in Sources */,
				77693E9C2C450DFB0087D792 /* Splash.swift in Sources */,
				774854262C49408200655C6B /* HeaderFilter.swift in Sources */,
				77693EA72C452DE50087D792 /* OnboardingView.swift in Sources */,
				77F92FAA2C46C36C00B212DC /* BookNowPopUp.swift in Sources */,
				77693EB52C453BF20087D792 /* AuthButton.swift in Sources */,
				77693EB32C453BCC0087D792 /* Logo.swift in Sources */,
				77693EB12C45378D0087D792 /* LoginView.swift in Sources */,
				77693EB72C4540160087D792 /* RegisterView.swift in Sources */,
				77F92FB42C47032A00B212DC /* AddCardDetails.swift in Sources */,
				7748542D2C49502600655C6B /* MockData.swift in Sources */,
				779A0AAC2C4D1D540030111E /* BookmarkView.swift in Sources */,
				77F92FAE2C46D23A00B212DC /* ReceivedBooking.swift in Sources */,
				774854232C493E2100655C6B /* SwipeView.swift in Sources */,
				77F92FB02C46E9B400B212DC /* RealEstateView.swift in Sources */,
				7748541F2C490BBC00655C6B /* MapViewmodel.swift in Sources */,
				77693EA52C452D2A0087D792 /* Route.swift in Sources */,
				77AFA5892C500AFB0043CA6B /* SearchFilters.swift in Sources */,
				77F92FB92C470CB300B212DC /* AddPhoneNumber.swift in Sources */,
				779A0AB02C4D33B10030111E /* ProfileView.swift in Sources */,
				77F1A6602C456F9600EE5D17 /* PropertyCapsule.swift in Sources */,
				77CA54BD2C4AA93400BAF74E /* PropertyCardView.swift in Sources */,
				77693E872C450BCC0087D792 /* HomeQuestApp.swift in Sources */,
				77F92FAC2C46C92A00B212DC /* BookTour.swift in Sources */,
				77CA54C12C4ABBD000BAF74E /* PropertyCommentCapsule.swift in Sources */,
				77693EC42C454C650087D792 /* RootView.swift in Sources */,
				77AFA5852C4FE1940043CA6B /* RealtorRevire.swift in Sources */,
				77CA54C92C4BC21800BAF74E /* SwipeViewmodel.swift in Sources */,
			);
			runOnlyForDeploymentPostprocessing = 0;
		};
/* End PBXSourcesBuildPhase section */

/* Begin XCBuildConfiguration section */
		77693E8F2C450BCE0087D792 /* Debug */ = {
			isa = XCBuildConfiguration;
			buildSettings = {
				ALWAYS_SEARCH_USER_PATHS = NO;
				ASSETCATALOG_COMPILER_GENERATE_SWIFT_ASSET_SYMBOL_EXTENSIONS = YES;
				CLANG_ANALYZER_NONNULL = YES;
				CLANG_ANALYZER_NUMBER_OBJECT_CONVERSION = YES_AGGRESSIVE;
				CLANG_CXX_LANGUAGE_STANDARD = "gnu++20";
				CLANG_ENABLE_MODULES = YES;
				CLANG_ENABLE_OBJC_ARC = YES;
				CLANG_ENABLE_OBJC_WEAK = YES;
				CLANG_WARN_BLOCK_CAPTURE_AUTORELEASING = YES;
				CLANG_WARN_BOOL_CONVERSION = YES;
				CLANG_WARN_COMMA = YES;
				CLANG_WARN_CONSTANT_CONVERSION = YES;
				CLANG_WARN_DEPRECATED_OBJC_IMPLEMENTATIONS = YES;
				CLANG_WARN_DIRECT_OBJC_ISA_USAGE = YES_ERROR;
				CLANG_WARN_DOCUMENTATION_COMMENTS = YES;
				CLANG_WARN_EMPTY_BODY = YES;
				CLANG_WARN_ENUM_CONVERSION = YES;
				CLANG_WARN_INFINITE_RECURSION = YES;
				CLANG_WARN_INT_CONVERSION = YES;
				CLANG_WARN_NON_LITERAL_NULL_CONVERSION = YES;
				CLANG_WARN_OBJC_IMPLICIT_RETAIN_SELF = YES;
				CLANG_WARN_OBJC_LITERAL_CONVERSION = YES;
				CLANG_WARN_OBJC_ROOT_CLASS = YES_ERROR;
				CLANG_WARN_QUOTED_INCLUDE_IN_FRAMEWORK_HEADER = YES;
				CLANG_WARN_RANGE_LOOP_ANALYSIS = YES;
				CLANG_WARN_STRICT_PROTOTYPES = YES;
				CLANG_WARN_SUSPICIOUS_MOVE = YES;
				CLANG_WARN_UNGUARDED_AVAILABILITY = YES_AGGRESSIVE;
				CLANG_WARN_UNREACHABLE_CODE = YES;
				CLANG_WARN__DUPLICATE_METHOD_MATCH = YES;
				COPY_PHASE_STRIP = NO;
				DEBUG_INFORMATION_FORMAT = dwarf;
				ENABLE_STRICT_OBJC_MSGSEND = YES;
				ENABLE_TESTABILITY = YES;
				ENABLE_USER_SCRIPT_SANDBOXING = YES;
				GCC_C_LANGUAGE_STANDARD = gnu17;
				GCC_DYNAMIC_NO_PIC = NO;
				GCC_NO_COMMON_BLOCKS = YES;
				GCC_OPTIMIZATION_LEVEL = 0;
				GCC_PREPROCESSOR_DEFINITIONS = (
					"DEBUG=1",
					"$(inherited)",
				);
				GCC_WARN_64_TO_32_BIT_CONVERSION = YES;
				GCC_WARN_ABOUT_RETURN_TYPE = YES_ERROR;
				GCC_WARN_UNDECLARED_SELECTOR = YES;
				GCC_WARN_UNINITIALIZED_AUTOS = YES_AGGRESSIVE;
				GCC_WARN_UNUSED_FUNCTION = YES;
				GCC_WARN_UNUSED_VARIABLE = YES;
				IPHONEOS_DEPLOYMENT_TARGET = 17.5;
				LOCALIZATION_PREFERS_STRING_CATALOGS = YES;
				MTL_ENABLE_DEBUG_INFO = INCLUDE_SOURCE;
				MTL_FAST_MATH = YES;
				ONLY_ACTIVE_ARCH = YES;
				SDKROOT = iphoneos;
				SWIFT_ACTIVE_COMPILATION_CONDITIONS = "DEBUG $(inherited)";
				SWIFT_OPTIMIZATION_LEVEL = "-Onone";
			};
			name = Debug;
		};
		77693E902C450BCE0087D792 /* Release */ = {
			isa = XCBuildConfiguration;
			buildSettings = {
				ALWAYS_SEARCH_USER_PATHS = NO;
				ASSETCATALOG_COMPILER_GENERATE_SWIFT_ASSET_SYMBOL_EXTENSIONS = YES;
				CLANG_ANALYZER_NONNULL = YES;
				CLANG_ANALYZER_NUMBER_OBJECT_CONVERSION = YES_AGGRESSIVE;
				CLANG_CXX_LANGUAGE_STANDARD = "gnu++20";
				CLANG_ENABLE_MODULES = YES;
				CLANG_ENABLE_OBJC_ARC = YES;
				CLANG_ENABLE_OBJC_WEAK = YES;
				CLANG_WARN_BLOCK_CAPTURE_AUTORELEASING = YES;
				CLANG_WARN_BOOL_CONVERSION = YES;
				CLANG_WARN_COMMA = YES;
				CLANG_WARN_CONSTANT_CONVERSION = YES;
				CLANG_WARN_DEPRECATED_OBJC_IMPLEMENTATIONS = YES;
				CLANG_WARN_DIRECT_OBJC_ISA_USAGE = YES_ERROR;
				CLANG_WARN_DOCUMENTATION_COMMENTS = YES;
				CLANG_WARN_EMPTY_BODY = YES;
				CLANG_WARN_ENUM_CONVERSION = YES;
				CLANG_WARN_INFINITE_RECURSION = YES;
				CLANG_WARN_INT_CONVERSION = YES;
				CLANG_WARN_NON_LITERAL_NULL_CONVERSION = YES;
				CLANG_WARN_OBJC_IMPLICIT_RETAIN_SELF = YES;
				CLANG_WARN_OBJC_LITERAL_CONVERSION = YES;
				CLANG_WARN_OBJC_ROOT_CLASS = YES_ERROR;
				CLANG_WARN_QUOTED_INCLUDE_IN_FRAMEWORK_HEADER = YES;
				CLANG_WARN_RANGE_LOOP_ANALYSIS = YES;
				CLANG_WARN_STRICT_PROTOTYPES = YES;
				CLANG_WARN_SUSPICIOUS_MOVE = YES;
				CLANG_WARN_UNGUARDED_AVAILABILITY = YES_AGGRESSIVE;
				CLANG_WARN_UNREACHABLE_CODE = YES;
				CLANG_WARN__DUPLICATE_METHOD_MATCH = YES;
				COPY_PHASE_STRIP = NO;
				DEBUG_INFORMATION_FORMAT = "dwarf-with-dsym";
				ENABLE_NS_ASSERTIONS = NO;
				ENABLE_STRICT_OBJC_MSGSEND = YES;
				ENABLE_USER_SCRIPT_SANDBOXING = YES;
				GCC_C_LANGUAGE_STANDARD = gnu17;
				GCC_NO_COMMON_BLOCKS = YES;
				GCC_WARN_64_TO_32_BIT_CONVERSION = YES;
				GCC_WARN_ABOUT_RETURN_TYPE = YES_ERROR;
				GCC_WARN_UNDECLARED_SELECTOR = YES;
				GCC_WARN_UNINITIALIZED_AUTOS = YES_AGGRESSIVE;
				GCC_WARN_UNUSED_FUNCTION = YES;
				GCC_WARN_UNUSED_VARIABLE = YES;
				IPHONEOS_DEPLOYMENT_TARGET = 17.5;
				LOCALIZATION_PREFERS_STRING_CATALOGS = YES;
				MTL_ENABLE_DEBUG_INFO = NO;
				MTL_FAST_MATH = YES;
				SDKROOT = iphoneos;
				SWIFT_COMPILATION_MODE = wholemodule;
				VALIDATE_PRODUCT = YES;
			};
			name = Release;
		};
		77693E922C450BCE0087D792 /* Debug */ = {
			isa = XCBuildConfiguration;
			buildSettings = {
				ASSETCATALOG_COMPILER_APPICON_NAME = AppIcon;
				ASSETCATALOG_COMPILER_GLOBAL_ACCENT_COLOR_NAME = AccentColor;
				CODE_SIGN_STYLE = Automatic;
				CURRENT_PROJECT_VERSION = 1.9;
				DEVELOPMENT_ASSET_PATHS = "\"HomeQuest/Preview Content\"";
				DEVELOPMENT_TEAM = 648U26QNYT;
				ENABLE_PREVIEWS = YES;
				GENERATE_INFOPLIST_FILE = YES;
				INFOPLIST_KEY_UIApplicationSceneManifest_Generation = YES;
				INFOPLIST_KEY_UIApplicationSupportsIndirectInputEvents = YES;
				INFOPLIST_KEY_UILaunchScreen_Generation = YES;
				INFOPLIST_KEY_UISupportedInterfaceOrientations_iPad = "UIInterfaceOrientationPortrait UIInterfaceOrientationPortraitUpsideDown UIInterfaceOrientationLandscapeLeft UIInterfaceOrientationLandscapeRight";
				INFOPLIST_KEY_UISupportedInterfaceOrientations_iPhone = "UIInterfaceOrientationPortrait UIInterfaceOrientationLandscapeLeft UIInterfaceOrientationLandscapeRight";
				LD_RUNPATH_SEARCH_PATHS = (
					"$(inherited)",
					"@executable_path/Frameworks",
				);
				MARKETING_VERSION = 1.6;
				PRODUCT_BUNDLE_IDENTIFIER = com.HomeQuest;
				PRODUCT_NAME = "$(TARGET_NAME)";
				SWIFT_EMIT_LOC_STRINGS = YES;
				SWIFT_VERSION = 5.0;
				TARGETED_DEVICE_FAMILY = "1,2";
			};
			name = Debug;
		};
		77693E932C450BCE0087D792 /* Release */ = {
			isa = XCBuildConfiguration;
			buildSettings = {
				ASSETCATALOG_COMPILER_APPICON_NAME = AppIcon;
				ASSETCATALOG_COMPILER_GLOBAL_ACCENT_COLOR_NAME = AccentColor;
				CODE_SIGN_STYLE = Automatic;
				CURRENT_PROJECT_VERSION = 1.9;
				DEVELOPMENT_ASSET_PATHS = "\"HomeQuest/Preview Content\"";
				DEVELOPMENT_TEAM = 648U26QNYT;
				ENABLE_PREVIEWS = YES;
				GENERATE_INFOPLIST_FILE = YES;
				INFOPLIST_KEY_UIApplicationSceneManifest_Generation = YES;
				INFOPLIST_KEY_UIApplicationSupportsIndirectInputEvents = YES;
				INFOPLIST_KEY_UILaunchScreen_Generation = YES;
				INFOPLIST_KEY_UISupportedInterfaceOrientations_iPad = "UIInterfaceOrientationPortrait UIInterfaceOrientationPortraitUpsideDown UIInterfaceOrientationLandscapeLeft UIInterfaceOrientationLandscapeRight";
				INFOPLIST_KEY_UISupportedInterfaceOrientations_iPhone = "UIInterfaceOrientationPortrait UIInterfaceOrientationLandscapeLeft UIInterfaceOrientationLandscapeRight";
				LD_RUNPATH_SEARCH_PATHS = (
					"$(inherited)",
					"@executable_path/Frameworks",
				);
				MARKETING_VERSION = 1.6;
				PRODUCT_BUNDLE_IDENTIFIER = com.HomeQuest;
				PRODUCT_NAME = "$(TARGET_NAME)";
				SWIFT_EMIT_LOC_STRINGS = YES;
				SWIFT_VERSION = 5.0;
				TARGETED_DEVICE_FAMILY = "1,2";
			};
			name = Release;
		};
/* End XCBuildConfiguration section */

/* Begin XCConfigurationList section */
		77693E7E2C450BCC0087D792 /* Build configuration list for PBXProject "HomeQuest" */ = {
			isa = XCConfigurationList;
			buildConfigurations = (
				77693E8F2C450BCE0087D792 /* Debug */,
				77693E902C450BCE0087D792 /* Release */,
			);
			defaultConfigurationIsVisible = 0;
			defaultConfigurationName = Release;
		};
		77693E912C450BCE0087D792 /* Build configuration list for PBXNativeTarget "HomeQuest" */ = {
			isa = XCConfigurationList;
			buildConfigurations = (
				77693E922C450BCE0087D792 /* Debug */,
				77693E932C450BCE0087D792 /* Release */,
			);
			defaultConfigurationIsVisible = 0;
			defaultConfigurationName = Release;
		};
/* End XCConfigurationList section */

/* Begin XCRemoteSwiftPackageReference section */
		779A0AB12C4E3BFD0030111E /* XCRemoteSwiftPackageReference "SDWebImageSwiftUI" */ = {
			isa = XCRemoteSwiftPackageReference;
			repositoryURL = "https://github.com/SDWebImage/SDWebImageSwiftUI.git";
			requirement = {
				kind = upToNextMajorVersion;
				minimumVersion = 3.1.1;
			};
		};
		77CA54C42C4BBE2100BAF74E /* XCRemoteSwiftPackageReference "SwiftfulUI" */ = {
			isa = XCRemoteSwiftPackageReference;
			repositoryURL = "https://github.com/SwiftfulThinking/SwiftfulUI.git";
			requirement = {
				kind = upToNextMajorVersion;
				minimumVersion = 1.2.0;
			};
		};
/* End XCRemoteSwiftPackageReference section */

/* Begin XCSwiftPackageProductDependency section */
		77571A7D2C4E6988006DC2DA /* SDWebImageSwiftUI */ = {
			isa = XCSwiftPackageProductDependency;
			productName = SDWebImageSwiftUI;
		};
		77B18C5A2C4E84A700635316 /* SDWebImageSwiftUI */ = {
			isa = XCSwiftPackageProductDependency;
			productName = SDWebImageSwiftUI;
		};
		77CA54C52C4BBE2100BAF74E /* SwiftfulUI */ = {
			isa = XCSwiftPackageProductDependency;
			package = 77CA54C42C4BBE2100BAF74E /* XCRemoteSwiftPackageReference "SwiftfulUI" */;
			productName = SwiftfulUI;
		};
/* End XCSwiftPackageProductDependency section */
	};
	rootObject = 77693E7B2C450BCC0087D792 /* Project object */;
}
