// !$*UTF8*$!
{
	archiveVersion = 1;
	classes = {
	};
	objectVersion = 56;
	objects = {

/* Begin PBXBuildFile section */
		77693E872C450BCC0087D792 /* HomeQuestApp.swift in Sources */ = {isa = PBXBuildFile; fileRef = 77693E862C450BCC0087D792 /* HomeQuestApp.swift */; };
		77693E892C450BCC0087D792 /* ContentView.swift in Sources */ = {isa = PBXBuildFile; fileRef = 77693E882C450BCC0087D792 /* ContentView.swift */; };
		77693E8B2C450BCE0087D792 /* Assets.xcassets in Resources */ = {isa = PBXBuildFile; fileRef = 77693E8A2C450BCE0087D792 /* Assets.xcassets */; };
		77693E8E2C450BCE0087D792 /* Preview Assets.xcassets in Resources */ = {isa = PBXBuildFile; fileRef = 77693E8D2C450BCE0087D792 /* Preview Assets.xcassets */; };
		77693E9C2C450DFB0087D792 /* Splash.swift in Sources */ = {isa = PBXBuildFile; fileRef = 77693E9B2C450DFB0087D792 /* Splash.swift */; };
		77693E9E2C45267D0087D792 /* Screen1.swift in Sources */ = {isa = PBXBuildFile; fileRef = 77693E9D2C45267D0087D792 /* Screen1.swift */; };
		77693EA02C452A080087D792 /* Screen2.swift in Sources */ = {isa = PBXBuildFile; fileRef = 77693E9F2C452A080087D792 /* Screen2.swift */; };
		77693EA22C452AB00087D792 /* Screen3.swift in Sources */ = {isa = PBXBuildFile; fileRef = 77693EA12C452AB00087D792 /* Screen3.swift */; };
		77693EA52C452D2A0087D792 /* Route.swift in Sources */ = {isa = PBXBuildFile; fileRef = 77693EA42C452D2A0087D792 /* Route.swift */; };
		77693EA72C452DE50087D792 /* OnboardingView.swift in Sources */ = {isa = PBXBuildFile; fileRef = 77693EA62C452DE50087D792 /* OnboardingView.swift */; };
		77693EB12C45378D0087D792 /* LoginView.swift in Sources */ = {isa = PBXBuildFile; fileRef = 77693EB02C45378D0087D792 /* LoginView.swift */; };
		77693EB32C453BCC0087D792 /* Logo.swift in Sources */ = {isa = PBXBuildFile; fileRef = 77693EB22C453BCC0087D792 /* Logo.swift */; };
		77693EB52C453BF20087D792 /* AuthButton.swift in Sources */ = {isa = PBXBuildFile; fileRef = 77693EB42C453BF20087D792 /* AuthButton.swift */; };
		77693EB72C4540160087D792 /* RegisterView.swift in Sources */ = {isa = PBXBuildFile; fileRef = 77693EB62C4540160087D792 /* RegisterView.swift */; };
/* End PBXBuildFile section */

/* Begin PBXFileReference section */
		77693E832C450BCC0087D792 /* HomeQuest.app */ = {isa = PBXFileReference; explicitFileType = wrapper.application; includeInIndex = 0; path = HomeQuest.app; sourceTree = BUILT_PRODUCTS_DIR; };
		77693E862C450BCC0087D792 /* HomeQuestApp.swift */ = {isa = PBXFileReference; lastKnownFileType = sourcecode.swift; path = HomeQuestApp.swift; sourceTree = "<group>"; };
		77693E882C450BCC0087D792 /* ContentView.swift */ = {isa = PBXFileReference; lastKnownFileType = sourcecode.swift; path = ContentView.swift; sourceTree = "<group>"; };
		77693E8A2C450BCE0087D792 /* Assets.xcassets */ = {isa = PBXFileReference; lastKnownFileType = folder.assetcatalog; path = Assets.xcassets; sourceTree = "<group>"; };
		77693E8D2C450BCE0087D792 /* Preview Assets.xcassets */ = {isa = PBXFileReference; lastKnownFileType = folder.assetcatalog; path = "Preview Assets.xcassets"; sourceTree = "<group>"; };
		77693E9B2C450DFB0087D792 /* Splash.swift */ = {isa = PBXFileReference; lastKnownFileType = sourcecode.swift; path = Splash.swift; sourceTree = "<group>"; };
		77693E9D2C45267D0087D792 /* Screen1.swift */ = {isa = PBXFileReference; lastKnownFileType = sourcecode.swift; path = Screen1.swift; sourceTree = "<group>"; };
		77693E9F2C452A080087D792 /* Screen2.swift */ = {isa = PBXFileReference; lastKnownFileType = sourcecode.swift; path = Screen2.swift; sourceTree = "<group>"; };
		77693EA12C452AB00087D792 /* Screen3.swift */ = {isa = PBXFileReference; lastKnownFileType = sourcecode.swift; path = Screen3.swift; sourceTree = "<group>"; };
		77693EA42C452D2A0087D792 /* Route.swift */ = {isa = PBXFileReference; lastKnownFileType = sourcecode.swift; path = Route.swift; sourceTree = "<group>"; };
		77693EA62C452DE50087D792 /* OnboardingView.swift */ = {isa = PBXFileReference; lastKnownFileType = sourcecode.swift; path = OnboardingView.swift; sourceTree = "<group>"; };
		77693EB02C45378D0087D792 /* LoginView.swift */ = {isa = PBXFileReference; lastKnownFileType = sourcecode.swift; path = LoginView.swift; sourceTree = "<group>"; };
		77693EB22C453BCC0087D792 /* Logo.swift */ = {isa = PBXFileReference; lastKnownFileType = sourcecode.swift; path = Logo.swift; sourceTree = "<group>"; };
		77693EB42C453BF20087D792 /* AuthButton.swift */ = {isa = PBXFileReference; lastKnownFileType = sourcecode.swift; path = AuthButton.swift; sourceTree = "<group>"; };
		77693EB62C4540160087D792 /* RegisterView.swift */ = {isa = PBXFileReference; lastKnownFileType = sourcecode.swift; path = RegisterView.swift; sourceTree = "<group>"; };
/* End PBXFileReference section */

/* Begin PBXFrameworksBuildPhase section */
		77693E802C450BCC0087D792 /* Frameworks */ = {
			isa = PBXFrameworksBuildPhase;
			buildActionMask = 2147483647;
			files = (
			);
			runOnlyForDeploymentPostprocessing = 0;
		};
/* End PBXFrameworksBuildPhase section */

/* Begin PBXGroup section */
		77693E7A2C450BCC0087D792 = {
			isa = PBXGroup;
			children = (
				77693E852C450BCC0087D792 /* HomeQuest */,
				77693E842C450BCC0087D792 /* Products */,
			);
			sourceTree = "<group>";
		};
		77693E842C450BCC0087D792 /* Products */ = {
			isa = PBXGroup;
			children = (
				77693E832C450BCC0087D792 /* HomeQuest.app */,
			);
			name = Products;
			sourceTree = "<group>";
		};
		77693E852C450BCC0087D792 /* HomeQuest */ = {
			isa = PBXGroup;
			children = (
				77693EA32C452D210087D792 /* Route */,
				77693E942C450D8F0087D792 /* App */,
				77693E952C450D930087D792 /* Core */,
				77693E972C450DB20087D792 /* Extension */,
				77693E962C450D990087D792 /* Manager */,
				77693E982C450DBA0087D792 /* Shared */,
				77693E882C450BCC0087D792 /* ContentView.swift */,
				77693E8A2C450BCE0087D792 /* Assets.xcassets */,
				77693E8C2C450BCE0087D792 /* Preview Content */,
			);
			path = HomeQuest;
			sourceTree = "<group>";
		};
		77693E8C2C450BCE0087D792 /* Preview Content */ = {
			isa = PBXGroup;
			children = (
				77693E8D2C450BCE0087D792 /* Preview Assets.xcassets */,
			);
			path = "Preview Content";
			sourceTree = "<group>";
		};
		77693E942C450D8F0087D792 /* App */ = {
			isa = PBXGroup;
			children = (
				77693E862C450BCC0087D792 /* HomeQuestApp.swift */,
			);
			path = App;
			sourceTree = "<group>";
		};
		77693E952C450D930087D792 /* Core */ = {
			isa = PBXGroup;
			children = (
				77693EA82C4533A40087D792 /* AuthViews */,
				77693E992C450DE20087D792 /* Onboarding */,
			);
			path = Core;
			sourceTree = "<group>";
		};
		77693E962C450D990087D792 /* Manager */ = {
			isa = PBXGroup;
			children = (
			);
			path = Manager;
			sourceTree = "<group>";
		};
		77693E972C450DB20087D792 /* Extension */ = {
			isa = PBXGroup;
			children = (
			);
			path = Extension;
			sourceTree = "<group>";
		};
		77693E982C450DBA0087D792 /* Shared */ = {
			isa = PBXGroup;
			children = (
			);
			path = Shared;
			sourceTree = "<group>";
		};
		77693E992C450DE20087D792 /* Onboarding */ = {
			isa = PBXGroup;
			children = (
				77693E9A2C450DEA0087D792 /* View */,
			);
			path = Onboarding;
			sourceTree = "<group>";
		};
		77693E9A2C450DEA0087D792 /* View */ = {
			isa = PBXGroup;
			children = (
				77693EA62C452DE50087D792 /* OnboardingView.swift */,
				77693E9B2C450DFB0087D792 /* Splash.swift */,
				77693E9D2C45267D0087D792 /* Screen1.swift */,
				77693E9F2C452A080087D792 /* Screen2.swift */,
				77693EA12C452AB00087D792 /* Screen3.swift */,
			);
			path = View;
			sourceTree = "<group>";
		};
		77693EA32C452D210087D792 /* Route */ = {
			isa = PBXGroup;
			children = (
				77693EA42C452D2A0087D792 /* Route.swift */,
			);
			path = Route;
			sourceTree = "<group>";
		};
		77693EA82C4533A40087D792 /* AuthViews */ = {
			isa = PBXGroup;
			children = (
				77693EAB2C4533C20087D792 /* Shared */,
				77693EAA2C4533B30087D792 /* Register */,
				77693EA92C4533AE0087D792 /* Login */,
			);
			path = AuthViews;
			sourceTree = "<group>";
		};
		77693EA92C4533AE0087D792 /* Login */ = {
			isa = PBXGroup;
			children = (
				77693EB02C45378D0087D792 /* LoginView.swift */,
			);
			path = Login;
			sourceTree = "<group>";
		};
		77693EAA2C4533B30087D792 /* Register */ = {
			isa = PBXGroup;
			children = (
				77693EB62C4540160087D792 /* RegisterView.swift */,
			);
			path = Register;
			sourceTree = "<group>";
		};
		77693EAB2C4533C20087D792 /* Shared */ = {
			isa = PBXGroup;
			children = (
				77693EB22C453BCC0087D792 /* Logo.swift */,
				77693EB42C453BF20087D792 /* AuthButton.swift */,
			);
			path = Shared;
			sourceTree = "<group>";
		};
/* End PBXGroup section */

/* Begin PBXNativeTarget section */
		77693E822C450BCC0087D792 /* HomeQuest */ = {
			isa = PBXNativeTarget;
			buildConfigurationList = 77693E912C450BCE0087D792 /* Build configuration list for PBXNativeTarget "HomeQuest" */;
			buildPhases = (
				77693E7F2C450BCC0087D792 /* Sources */,
				77693E802C450BCC0087D792 /* Frameworks */,
				77693E812C450BCC0087D792 /* Resources */,
			);
			buildRules = (
			);
			dependencies = (
			);
			name = HomeQuest;
			productName = HomeQuest;
			productReference = 77693E832C450BCC0087D792 /* HomeQuest.app */;
			productType = "com.apple.product-type.application";
		};
/* End PBXNativeTarget section */

/* Begin PBXProject section */
		77693E7B2C450BCC0087D792 /* Project object */ = {
			isa = PBXProject;
			attributes = {
				BuildIndependentTargetsInParallel = 1;
				LastSwiftUpdateCheck = 1540;
				LastUpgradeCheck = 1540;
				TargetAttributes = {
					77693E822C450BCC0087D792 = {
						CreatedOnToolsVersion = 15.4;
					};
				};
			};
			buildConfigurationList = 77693E7E2C450BCC0087D792 /* Build configuration list for PBXProject "HomeQuest" */;
			compatibilityVersion = "Xcode 14.0";
			developmentRegion = en;
			hasScannedForEncodings = 0;
			knownRegions = (
				en,
				Base,
			);
			mainGroup = 77693E7A2C450BCC0087D792;
			productRefGroup = 77693E842C450BCC0087D792 /* Products */;
			projectDirPath = "";
			projectRoot = "";
			targets = (
				77693E822C450BCC0087D792 /* HomeQuest */,
			);
		};
/* End PBXProject section */

/* Begin PBXResourcesBuildPhase section */
		77693E812C450BCC0087D792 /* Resources */ = {
			isa = PBXResourcesBuildPhase;
			buildActionMask = 2147483647;
			files = (
				77693E8E2C450BCE0087D792 /* Preview Assets.xcassets in Resources */,
				77693E8B2C450BCE0087D792 /* Assets.xcassets in Resources */,
			);
			runOnlyForDeploymentPostprocessing = 0;
		};
/* End PBXResourcesBuildPhase section */

/* Begin PBXSourcesBuildPhase section */
		77693E7F2C450BCC0087D792 /* Sources */ = {
			isa = PBXSourcesBuildPhase;
			buildActionMask = 2147483647;
			files = (
				77693E892C450BCC0087D792 /* ContentView.swift in Sources */,
				77693EA02C452A080087D792 /* Screen2.swift in Sources */,
				77693E9E2C45267D0087D792 /* Screen1.swift in Sources */,
				77693EA22C452AB00087D792 /* Screen3.swift in Sources */,
				77693E9C2C450DFB0087D792 /* Splash.swift in Sources */,
				77693EA72C452DE50087D792 /* OnboardingView.swift in Sources */,
				77693EB52C453BF20087D792 /* AuthButton.swift in Sources */,
				77693EB32C453BCC0087D792 /* Logo.swift in Sources */,
				77693EB12C45378D0087D792 /* LoginView.swift in Sources */,
				77693EB72C4540160087D792 /* RegisterView.swift in Sources */,
				77693EA52C452D2A0087D792 /* Route.swift in Sources */,
				77693E872C450BCC0087D792 /* HomeQuestApp.swift in Sources */,
			);
			runOnlyForDeploymentPostprocessing = 0;
		};
/* End PBXSourcesBuildPhase section */

/* Begin XCBuildConfiguration section */
		77693E8F2C450BCE0087D792 /* Debug */ = {
			isa = XCBuildConfiguration;
			buildSettings = {
				ALWAYS_SEARCH_USER_PATHS = NO;
				ASSETCATALOG_COMPILER_GENERATE_SWIFT_ASSET_SYMBOL_EXTENSIONS = YES;
				CLANG_ANALYZER_NONNULL = YES;
				CLANG_ANALYZER_NUMBER_OBJECT_CONVERSION = YES_AGGRESSIVE;
				CLANG_CXX_LANGUAGE_STANDARD = "gnu++20";
				CLANG_ENABLE_MODULES = YES;
				CLANG_ENABLE_OBJC_ARC = YES;
				CLANG_ENABLE_OBJC_WEAK = YES;
				CLANG_WARN_BLOCK_CAPTURE_AUTORELEASING = YES;
				CLANG_WARN_BOOL_CONVERSION = YES;
				CLANG_WARN_COMMA = YES;
				CLANG_WARN_CONSTANT_CONVERSION = YES;
				CLANG_WARN_DEPRECATED_OBJC_IMPLEMENTATIONS = YES;
				CLANG_WARN_DIRECT_OBJC_ISA_USAGE = YES_ERROR;
				CLANG_WARN_DOCUMENTATION_COMMENTS = YES;
				CLANG_WARN_EMPTY_BODY = YES;
				CLANG_WARN_ENUM_CONVERSION = YES;
				CLANG_WARN_INFINITE_RECURSION = YES;
				CLANG_WARN_INT_CONVERSION = YES;
				CLANG_WARN_NON_LITERAL_NULL_CONVERSION = YES;
				CLANG_WARN_OBJC_IMPLICIT_RETAIN_SELF = YES;
				CLANG_WARN_OBJC_LITERAL_CONVERSION = YES;
				CLANG_WARN_OBJC_ROOT_CLASS = YES_ERROR;
				CLANG_WARN_QUOTED_INCLUDE_IN_FRAMEWORK_HEADER = YES;
				CLANG_WARN_RANGE_LOOP_ANALYSIS = YES;
				CLANG_WARN_STRICT_PROTOTYPES = YES;
				CLANG_WARN_SUSPICIOUS_MOVE = YES;
				CLANG_WARN_UNGUARDED_AVAILABILITY = YES_AGGRESSIVE;
				CLANG_WARN_UNREACHABLE_CODE = YES;
				CLANG_WARN__DUPLICATE_METHOD_MATCH = YES;
				COPY_PHASE_STRIP = NO;
				DEBUG_INFORMATION_FORMAT = dwarf;
				ENABLE_STRICT_OBJC_MSGSEND = YES;
				ENABLE_TESTABILITY = YES;
				ENABLE_USER_SCRIPT_SANDBOXING = YES;
				GCC_C_LANGUAGE_STANDARD = gnu17;
				GCC_DYNAMIC_NO_PIC = NO;
				GCC_NO_COMMON_BLOCKS = YES;
				GCC_OPTIMIZATION_LEVEL = 0;
				GCC_PREPROCESSOR_DEFINITIONS = (
					"DEBUG=1",
					"$(inherited)",
				);
				GCC_WARN_64_TO_32_BIT_CONVERSION = YES;
				GCC_WARN_ABOUT_RETURN_TYPE = YES_ERROR;
				GCC_WARN_UNDECLARED_SELECTOR = YES;
				GCC_WARN_UNINITIALIZED_AUTOS = YES_AGGRESSIVE;
				GCC_WARN_UNUSED_FUNCTION = YES;
				GCC_WARN_UNUSED_VARIABLE = YES;
				IPHONEOS_DEPLOYMENT_TARGET = 17.5;
				LOCALIZATION_PREFERS_STRING_CATALOGS = YES;
				MTL_ENABLE_DEBUG_INFO = INCLUDE_SOURCE;
				MTL_FAST_MATH = YES;
				ONLY_ACTIVE_ARCH = YES;
				SDKROOT = iphoneos;
				SWIFT_ACTIVE_COMPILATION_CONDITIONS = "DEBUG $(inherited)";
				SWIFT_OPTIMIZATION_LEVEL = "-Onone";
			};
			name = Debug;
		};
		77693E902C450BCE0087D792 /* Release */ = {
			isa = XCBuildConfiguration;
			buildSettings = {
				ALWAYS_SEARCH_USER_PATHS = NO;
				ASSETCATALOG_COMPILER_GENERATE_SWIFT_ASSET_SYMBOL_EXTENSIONS = YES;
				CLANG_ANALYZER_NONNULL = YES;
				CLANG_ANALYZER_NUMBER_OBJECT_CONVERSION = YES_AGGRESSIVE;
				CLANG_CXX_LANGUAGE_STANDARD = "gnu++20";
				CLANG_ENABLE_MODULES = YES;
				CLANG_ENABLE_OBJC_ARC = YES;
				CLANG_ENABLE_OBJC_WEAK = YES;
				CLANG_WARN_BLOCK_CAPTURE_AUTORELEASING = YES;
				CLANG_WARN_BOOL_CONVERSION = YES;
				CLANG_WARN_COMMA = YES;
				CLANG_WARN_CONSTANT_CONVERSION = YES;
				CLANG_WARN_DEPRECATED_OBJC_IMPLEMENTATIONS = YES;
				CLANG_WARN_DIRECT_OBJC_ISA_USAGE = YES_ERROR;
				CLANG_WARN_DOCUMENTATION_COMMENTS = YES;
				CLANG_WARN_EMPTY_BODY = YES;
				CLANG_WARN_ENUM_CONVERSION = YES;
				CLANG_WARN_INFINITE_RECURSION = YES;
				CLANG_WARN_INT_CONVERSION = YES;
				CLANG_WARN_NON_LITERAL_NULL_CONVERSION = YES;
				CLANG_WARN_OBJC_IMPLICIT_RETAIN_SELF = YES;
				CLANG_WARN_OBJC_LITERAL_CONVERSION = YES;
				CLANG_WARN_OBJC_ROOT_CLASS = YES_ERROR;
				CLANG_WARN_QUOTED_INCLUDE_IN_FRAMEWORK_HEADER = YES;
				CLANG_WARN_RANGE_LOOP_ANALYSIS = YES;
				CLANG_WARN_STRICT_PROTOTYPES = YES;
				CLANG_WARN_SUSPICIOUS_MOVE = YES;
				CLANG_WARN_UNGUARDED_AVAILABILITY = YES_AGGRESSIVE;
				CLANG_WARN_UNREACHABLE_CODE = YES;
				CLANG_WARN__DUPLICATE_METHOD_MATCH = YES;
				COPY_PHASE_STRIP = NO;
				DEBUG_INFORMATION_FORMAT = "dwarf-with-dsym";
				ENABLE_NS_ASSERTIONS = NO;
				ENABLE_STRICT_OBJC_MSGSEND = YES;
				ENABLE_USER_SCRIPT_SANDBOXING = YES;
				GCC_C_LANGUAGE_STANDARD = gnu17;
				GCC_NO_COMMON_BLOCKS = YES;
				GCC_WARN_64_TO_32_BIT_CONVERSION = YES;
				GCC_WARN_ABOUT_RETURN_TYPE = YES_ERROR;
				GCC_WARN_UNDECLARED_SELECTOR = YES;
				GCC_WARN_UNINITIALIZED_AUTOS = YES_AGGRESSIVE;
				GCC_WARN_UNUSED_FUNCTION = YES;
				GCC_WARN_UNUSED_VARIABLE = YES;
				IPHONEOS_DEPLOYMENT_TARGET = 17.5;
				LOCALIZATION_PREFERS_STRING_CATALOGS = YES;
				MTL_ENABLE_DEBUG_INFO = NO;
				MTL_FAST_MATH = YES;
				SDKROOT = iphoneos;
				SWIFT_COMPILATION_MODE = wholemodule;
				VALIDATE_PRODUCT = YES;
			};
			name = Release;
		};
		77693E922C450BCE0087D792 /* Debug */ = {
			isa = XCBuildConfiguration;
			buildSettings = {
				ASSETCATALOG_COMPILER_APPICON_NAME = AppIcon;
				ASSETCATALOG_COMPILER_GLOBAL_ACCENT_COLOR_NAME = AccentColor;
				CODE_SIGN_STYLE = Automatic;
				CURRENT_PROJECT_VERSION = 1;
				DEVELOPMENT_ASSET_PATHS = "\"HomeQuest/Preview Content\"";
				DEVELOPMENT_TEAM = 648U26QNYT;
				ENABLE_PREVIEWS = YES;
				GENERATE_INFOPLIST_FILE = YES;
				INFOPLIST_KEY_UIApplicationSceneManifest_Generation = YES;
				INFOPLIST_KEY_UIApplicationSupportsIndirectInputEvents = YES;
				INFOPLIST_KEY_UILaunchScreen_Generation = YES;
				INFOPLIST_KEY_UISupportedInterfaceOrientations_iPad = "UIInterfaceOrientationPortrait UIInterfaceOrientationPortraitUpsideDown UIInterfaceOrientationLandscapeLeft UIInterfaceOrientationLandscapeRight";
				INFOPLIST_KEY_UISupportedInterfaceOrientations_iPhone = "UIInterfaceOrientationPortrait UIInterfaceOrientationLandscapeLeft UIInterfaceOrientationLandscapeRight";
				LD_RUNPATH_SEARCH_PATHS = (
					"$(inherited)",
					"@executable_path/Frameworks",
				);
				MARKETING_VERSION = 1.0;
				PRODUCT_BUNDLE_IDENTIFIER = com.HomeQuest;
				PRODUCT_NAME = "$(TARGET_NAME)";
				SWIFT_EMIT_LOC_STRINGS = YES;
				SWIFT_VERSION = 5.0;
				TARGETED_DEVICE_FAMILY = "1,2";
			};
			name = Debug;
		};
		77693E932C450BCE0087D792 /* Release */ = {
			isa = XCBuildConfiguration;
			buildSettings = {
				ASSETCATALOG_COMPILER_APPICON_NAME = AppIcon;
				ASSETCATALOG_COMPILER_GLOBAL_ACCENT_COLOR_NAME = AccentColor;
				CODE_SIGN_STYLE = Automatic;
				CURRENT_PROJECT_VERSION = 1;
				DEVELOPMENT_ASSET_PATHS = "\"HomeQuest/Preview Content\"";
				DEVELOPMENT_TEAM = 648U26QNYT;
				ENABLE_PREVIEWS = YES;
				GENERATE_INFOPLIST_FILE = YES;
				INFOPLIST_KEY_UIApplicationSceneManifest_Generation = YES;
				INFOPLIST_KEY_UIApplicationSupportsIndirectInputEvents = YES;
				INFOPLIST_KEY_UILaunchScreen_Generation = YES;
				INFOPLIST_KEY_UISupportedInterfaceOrientations_iPad = "UIInterfaceOrientationPortrait UIInterfaceOrientationPortraitUpsideDown UIInterfaceOrientationLandscapeLeft UIInterfaceOrientationLandscapeRight";
				INFOPLIST_KEY_UISupportedInterfaceOrientations_iPhone = "UIInterfaceOrientationPortrait UIInterfaceOrientationLandscapeLeft UIInterfaceOrientationLandscapeRight";
				LD_RUNPATH_SEARCH_PATHS = (
					"$(inherited)",
					"@executable_path/Frameworks",
				);
				MARKETING_VERSION = 1.0;
				PRODUCT_BUNDLE_IDENTIFIER = com.HomeQuest;
				PRODUCT_NAME = "$(TARGET_NAME)";
				SWIFT_EMIT_LOC_STRINGS = YES;
				SWIFT_VERSION = 5.0;
				TARGETED_DEVICE_FAMILY = "1,2";
			};
			name = Release;
		};
/* End XCBuildConfiguration section */

/* Begin XCConfigurationList section */
		77693E7E2C450BCC0087D792 /* Build configuration list for PBXProject "HomeQuest" */ = {
			isa = XCConfigurationList;
			buildConfigurations = (
				77693E8F2C450BCE0087D792 /* Debug */,
				77693E902C450BCE0087D792 /* Release */,
			);
			defaultConfigurationIsVisible = 0;
			defaultConfigurationName = Release;
		};
		77693E912C450BCE0087D792 /* Build configuration list for PBXNativeTarget "HomeQuest" */ = {
			isa = XCConfigurationList;
			buildConfigurations = (
				77693E922C450BCE0087D792 /* Debug */,
				77693E932C450BCE0087D792 /* Release */,
			);
			defaultConfigurationIsVisible = 0;
			defaultConfigurationName = Release;
		};
/* End XCConfigurationList section */
	};
	rootObject = 77693E7B2C450BCC0087D792 /* Project object */;
}
